<Solution>
  <Project Path="AspireApp1/AspireApp1.ApiService/AspireApp1.ApiService.csproj" />
  <Project Path="AspireApp1/AspireApp1.AppHost/AspireApp1.AppHost.csproj" Id="a110467a-b1f1-4e49-9f12-9769db3c7001" />
  <Project Path="AspireApp1/AspireApp1.ServiceDefaults/AspireApp1.ServiceDefaults.csproj" />
  <Project Path="AspireApp1/AspireApp1.Tests/AspireApp1.Tests.csproj" />
  <Project Path="AspireApp1/AspireApp1.Web/AspireApp1.Web.csproj" />
</Solution>
